PODS:
  - IQKeyboardManagerSwift (6.5.16)
  - Kingfisher (7.12.0)
  - MaterialComponents/AnimationTiming (124.2.0)
  - MaterialComponents/Availability (124.2.0)
  - MaterialComponents/private/Math (124.2.0)
  - "MaterialComponents/private/TextControlsPrivate+BaseStyle (124.2.0)":
    - MaterialComponents/AnimationTiming
    - MaterialComponents/private/Math
    - "MaterialComponents/private/TextControlsPrivate+Shared"
  - "MaterialComponents/private/TextControlsPrivate+OutlinedStyle (124.2.0)":
    - MaterialComponents/AnimationTiming
    - MaterialComponents/Availability
    - MaterialComponents/private/Math
    - "MaterialComponents/private/TextControlsPrivate+Shared"
  - "MaterialComponents/private/TextControlsPrivate+Shared (124.2.0)":
    - MaterialComponents/AnimationTiming
    - MaterialComponents/private/Math
    - "MaterialComponents/TextControls+Enums"
  - "MaterialComponents/private/TextControlsPrivate+TextFields (124.2.0)":
    - MaterialComponents/private/Math
    - "MaterialComponents/private/TextControlsPrivate+Shared"
  - "MaterialComponents/TextControls+BaseTextFields (124.2.0)":
    - "MaterialComponents/private/TextControlsPrivate+BaseStyle"
    - "MaterialComponents/private/TextControlsPrivate+Shared"
    - "MaterialComponents/private/TextControlsPrivate+TextFields"
    - MDFInternationalization
  - "MaterialComponents/TextControls+Enums (124.2.0)"
  - "MaterialComponents/TextControls+OutlinedTextFields (124.2.0)":
    - MaterialComponents/Availability
    - "MaterialComponents/private/TextControlsPrivate+OutlinedStyle"
    - "MaterialComponents/TextControls+BaseTextFields"
  - MDFInternationalization (3.0.0)
  - RxSwift (6.8.0)
  - SnapKit (5.7.1)
  - SwiftLint (0.57.1)

DEPENDENCIES:
  - IQKeyboardManagerSwift
  - Kingfisher
  - "MaterialComponents/TextControls+OutlinedTextFields"
  - RxSwift
  - SnapKit
  - SwiftLint

SPEC REPOS:
  trunk:
    - IQKeyboardManagerSwift
    - Kingfisher
    - MaterialComponents
    - MDFInternationalization
    - RxSwift
    - SnapKit
    - SwiftLint

SPEC CHECKSUMS:
  IQKeyboardManagerSwift: 12d89768845bb77b55cc092ecc2b1f9370f06b76
  Kingfisher: 53a10ea35051a436b5fb626ca2dd8f3144d755e9
  MaterialComponents: 1a9b2d9d45b1601ae544de85089adc4c464306d4
  MDFInternationalization: d697c55307816222a55685c4ccb1044ffb030c12
  RxSwift: 4e28be97cbcfeee614af26d83415febbf2bf6f45
  SnapKit: d612e99e678a2d3b95bf60b0705ed0a35c03484a
  SwiftLint: 92196976e597b9afec5dbe374810103e6c1d9d7c

PODFILE CHECKSUM: 127cdc4266feecfe2942a8f558d6b92da56a3e30

COCOAPODS: 1.16.2
