PODS:
  - Kingfisher (7.12.0)
  - RxSwift (6.8.0)
  - SnapKit (5.7.1)
  - SwiftLint (0.57.1)

DEPENDENCIES:
  - Kingfisher
  - RxSwift
  - SnapKit
  - SwiftLint

SPEC REPOS:
  trunk:
    - Kingfisher
    - RxSwift
    - SnapKit
    - SwiftLint

SPEC CHECKSUMS:
  Kingfisher: 53a10ea35051a436b5fb626ca2dd8f3144d755e9
  RxSwift: 4e28be97cbcfeee614af26d83415febbf2bf6f45
  SnapKit: d612e99e678a2d3b95bf60b0705ed0a35c03484a
  SwiftLint: 92196976e597b9afec5dbe374810103e6c1d9d7c

PODFILE CHECKSUM: 86952a6bfd6f1030e2fd8e542953864336727633

COCOAPODS: 1.16.2
